{
  "pins" : [
    {
      "identity" : "libaom.swift",
      "kind" : "remoteSourceControl",
      "location" : "https://github.com/awxkee/libaom.swift.git",
      "state" : {
        "revision" : "506308364f5f83e3ae2797521d9b3958205ec0e8",
        "version" : "1.0.4"
      }
    },
    {
      "identity" : "libdav1d.swift",
      "kind" : "remoteSourceControl",
      "location" : "https://github.com/awxkee/libdav1d.swift.git",
      "state" : {
        "revision" : "027c2111fa7bad62318d2447712d02db60b53aa7",
        "version" : "1.0.10"
      }
    },
    {
      "identity" : "libsvtav1enc.swift",
      "kind" : "remoteSourceControl",
      "location" : "https://github.com/awxkee/libsvtav1enc.swift",
      "state" : {
        "revision" : "fff1840be980fb2a9b7b3a0245499db95ff753df",
        "version" : "1.0.3"
      }
    },
    {
      "identity" : "libwebp-ios",
      "kind" : "remoteSourceControl",
      "location" : "https://github.com/awxkee/libwebp-ios.git",
      "state" : {
        "revision" : "09ab26afc64c55a49332c396c4b465c278fcb05f",
        "version" : "1.1.1"
      }
    },
    {
      "identity" : "libyuv.swift",
      "kind" : "remoteSourceControl",
      "location" : "https://github.com/awxkee/libyuv.swift.git",
      "state" : {
        "revision" : "6ccc8fc35d5f6e5b419c0792f0b1de8e5a448e45",
        "version" : "1.0.1"
      }
    },
    {
      "identity" : "nuke",
      "kind" : "remoteSourceControl",
      "location" : "https://github.com/kean/Nuke.git",
      "state" : {
        "revision" : "3f666f120b63ea7de57d42e9a7c9b47f8e7a290b",
        "version" : "12.1.6"
      }
    }
  ],
  "version" : 2
}
