{
  "pins" : [
    {
      "identity" : "libdav1d.swift",
      "kind" : "remoteSourceControl",
      "location" : "https://github.com/awxkee/libdav1d.swift.git",
      "state" : {
        "branch" : "master",
        "revision" : "8aa211087ab4ebf4e85d22a29ca1927fb7cd3f2e"
      }
    },
    {
      "identity" : "libsvtav1enc.swift",
      "kind" : "remoteSourceControl",
      "location" : "https://github.com/awxkee/libsvtav1enc.swift.git",
      "state" : {
        "branch" : "master",
        "revision" : "1aa62ec5ef45313173785efb2383c9331883905d"
      }
    },
    {
      "identity" : "libyuv.swift",
      "kind" : "remoteSourceControl",
      "location" : "https://github.com/awxkee/libyuv.swift.git",
      "state" : {
        "branch" : "master",
        "revision" : "27a7157a956b5d95f07d8b2b29d61c5fcd8c4f4d"
      }
    },
    {
      "identity" : "nuke",
      "kind" : "remoteSourceControl",
      "location" : "https://github.com/kean/Nuke.git",
      "state" : {
        "revision" : "a002b7fd786f2df2ed4333fe73a9727499fd9d97",
        "version" : "10.11.2"
      }
    }
  ],
  "version" : 2
}
